// !$*UTF8*$!
{
	archiveVersion = 1;
	classes = {
	};
	objectVersion = 50;
	objects = {

/* Begin PBXBuildFile section */
		4B056C98229850DE00E0B9D2 /* BTKeychainManager.swift in Sources */ = {isa = PBXBuildFile; fileRef = 4B056C97229850DE00E0B9D2 /* BTKeychainManager.swift */; };
		4B751BD7229829EE003705BB /* BTExtentions.swift in Sources */ = {isa = PBXBuildFile; fileRef = 4B751BD6229829EE003705BB /* BTExtentions.swift */; };
		4B751BDA22982E63003705BB /* BTUserStatsModel.swift in Sources */ = {isa = PBXBuildFile; fileRef = 4B751BD922982E63003705BB /* BTUserStatsModel.swift */; };
		4B7E6C45227592A2002C23B3 /* AppDelegate.swift in Sources */ = {isa = PBXBuildFile; fileRef = 4B7E6C44227592A2002C23B3 /* AppDelegate.swift */; };
		4B7E6C47227592A2002C23B3 /* BTGameViewController.swift in Sources */ = {isa = PBXBuildFile; fileRef = 4B7E6C46227592A2002C23B3 /* BTGameViewController.swift */; };
		4B7E6C4A227592A2002C23B3 /* Main.storyboard in Resources */ = {isa = PBXBuildFile; fileRef = 4B7E6C48227592A2002C23B3 /* Main.storyboard */; };
		4B7E6C4D227592A2002C23B3 /* The_Banana_Tap_Challenge.xcdatamodeld in Sources */ = {isa = PBXBuildFile; fileRef = 4B7E6C4B227592A2002C23B3 /* The_Banana_Tap_Challenge.xcdatamodeld */; };
		4B7E6C4F227592A3002C23B3 /* Assets.xcassets in Resources */ = {isa = PBXBuildFile; fileRef = 4B7E6C4E227592A3002C23B3 /* Assets.xcassets */; };
		4B7E6C52227592A3002C23B3 /* LaunchScreen.storyboard in Resources */ = {isa = PBXBuildFile; fileRef = 4B7E6C50227592A3002C23B3 /* LaunchScreen.storyboard */; };
		4B9DA8352299CC85001237A4 /* BTAlert.swift in Sources */ = {isa = PBXBuildFile; fileRef = 4B9DA8342299CC85001237A4 /* BTAlert.swift */; };
		4B9EA241229811B0006208EF /* BTUserManager.swift in Sources */ = {isa = PBXBuildFile; fileRef = 4B9EA240229811B0006208EF /* BTUserManager.swift */; };
		4B9EA24422981267006208EF /* BTEnums.swift in Sources */ = {isa = PBXBuildFile; fileRef = 4B9EA24322981267006208EF /* BTEnums.swift */; };
		4BB8A0B62296D136004D6ABB /* BTLoginViewController.swift in Sources */ = {isa = PBXBuildFile; fileRef = 4BB8A0B52296D136004D6ABB /* BTLoginViewController.swift */; };
		4BB8A0BA2296E096004D6ABB /* BTApiManager.swift in Sources */ = {isa = PBXBuildFile; fileRef = 4BB8A0B92296E096004D6ABB /* BTApiManager.swift */; };
		4BC147AD2297EC2F0011E2ED /* BTStatsViewController.swift in Sources */ = {isa = PBXBuildFile; fileRef = 4BC147AC2297EC2F0011E2ED /* BTStatsViewController.swift */; };
		4BC147B12297EDF60011E2ED /* BTStatsTableViewCell.swift in Sources */ = {isa = PBXBuildFile; fileRef = 4BC147AF2297EDF60011E2ED /* BTStatsTableViewCell.swift */; };
		4BC147B22297EDF60011E2ED /* BTStatsTableViewCell.xib in Resources */ = {isa = PBXBuildFile; fileRef = 4BC147B02297EDF60011E2ED /* BTStatsTableViewCell.xib */; };
		AC3C62C2F9D9FE2D4CC095C2 /* Pods_The_Banana_Tap_Challenge.framework in Frameworks */ = {isa = PBXBuildFile; fileRef = C4D22CDA50802268971CCE9B /* Pods_The_Banana_Tap_Challenge.framework */; };
/* End PBXBuildFile section */

/* Begin PBXFileReference section */
		1DC9B55CB6BAA2B17F6C7BD7 /* Pods-The Banana Tap Challenge.debug.xcconfig */ = {isa = PBXFileReference; includeInIndex = 1; lastKnownFileType = text.xcconfig; name = "Pods-The Banana Tap Challenge.debug.xcconfig"; path = "Pods/Target Support Files/Pods-The Banana Tap Challenge/Pods-The Banana Tap Challenge.debug.xcconfig"; sourceTree = "<group>"; };
		4B056C97229850DE00E0B9D2 /* BTKeychainManager.swift */ = {isa = PBXFileReference; lastKnownFileType = sourcecode.swift; path = BTKeychainManager.swift; sourceTree = "<group>"; };
		4B751BD6229829EE003705BB /* BTExtentions.swift */ = {isa = PBXFileReference; lastKnownFileType = sourcecode.swift; path = BTExtentions.swift; sourceTree = "<group>"; };
		4B751BD922982E63003705BB /* BTUserStatsModel.swift */ = {isa = PBXFileReference; lastKnownFileType = sourcecode.swift; path = BTUserStatsModel.swift; sourceTree = "<group>"; };
		4B7E6C41227592A2002C23B3 /* The Banana Tap Challenge.app */ = {isa = PBXFileReference; explicitFileType = wrapper.application; includeInIndex = 0; path = "The Banana Tap Challenge.app"; sourceTree = BUILT_PRODUCTS_DIR; };
		4B7E6C44227592A2002C23B3 /* AppDelegate.swift */ = {isa = PBXFileReference; lastKnownFileType = sourcecode.swift; path = AppDelegate.swift; sourceTree = "<group>"; };
		4B7E6C46227592A2002C23B3 /* BTGameViewController.swift */ = {isa = PBXFileReference; lastKnownFileType = sourcecode.swift; path = BTGameViewController.swift; sourceTree = "<group>"; };
		4B7E6C49227592A2002C23B3 /* Base */ = {isa = PBXFileReference; lastKnownFileType = file.storyboard; name = Base; path = Base.lproj/Main.storyboard; sourceTree = "<group>"; };
		4B7E6C4C227592A2002C23B3 /* The_Banana_Tap_Challenge.xcdatamodel */ = {isa = PBXFileReference; lastKnownFileType = wrapper.xcdatamodel; path = The_Banana_Tap_Challenge.xcdatamodel; sourceTree = "<group>"; };
		4B7E6C4E227592A3002C23B3 /* Assets.xcassets */ = {isa = PBXFileReference; lastKnownFileType = folder.assetcatalog; path = Assets.xcassets; sourceTree = "<group>"; };
		4B7E6C51227592A3002C23B3 /* Base */ = {isa = PBXFileReference; lastKnownFileType = file.storyboard; name = Base; path = Base.lproj/LaunchScreen.storyboard; sourceTree = "<group>"; };
		4B7E6C53227592A3002C23B3 /* Info.plist */ = {isa = PBXFileReference; lastKnownFileType = text.plist.xml; path = Info.plist; sourceTree = "<group>"; };
		4B9DA8342299CC85001237A4 /* BTAlert.swift */ = {isa = PBXFileReference; lastKnownFileType = sourcecode.swift; path = BTAlert.swift; sourceTree = "<group>"; };
		4B9EA240229811B0006208EF /* BTUserManager.swift */ = {isa = PBXFileReference; lastKnownFileType = sourcecode.swift; path = BTUserManager.swift; sourceTree = "<group>"; };
		4B9EA24322981267006208EF /* BTEnums.swift */ = {isa = PBXFileReference; lastKnownFileType = sourcecode.swift; path = BTEnums.swift; sourceTree = "<group>"; };
		4BB8A0B52296D136004D6ABB /* BTLoginViewController.swift */ = {isa = PBXFileReference; lastKnownFileType = sourcecode.swift; path = BTLoginViewController.swift; sourceTree = "<group>"; };
		4BB8A0B92296E096004D6ABB /* BTApiManager.swift */ = {isa = PBXFileReference; lastKnownFileType = sourcecode.swift; path = BTApiManager.swift; sourceTree = "<group>"; };
		4BC147AC2297EC2F0011E2ED /* BTStatsViewController.swift */ = {isa = PBXFileReference; lastKnownFileType = sourcecode.swift; path = BTStatsViewController.swift; sourceTree = "<group>"; };
		4BC147AF2297EDF60011E2ED /* BTStatsTableViewCell.swift */ = {isa = PBXFileReference; lastKnownFileType = sourcecode.swift; path = BTStatsTableViewCell.swift; sourceTree = "<group>"; };
		4BC147B02297EDF60011E2ED /* BTStatsTableViewCell.xib */ = {isa = PBXFileReference; lastKnownFileType = file.xib; path = BTStatsTableViewCell.xib; sourceTree = "<group>"; };
		AC4ECB7ACE77009FECC009BB /* Pods-The Banana Tap Challenge.release.xcconfig */ = {isa = PBXFileReference; includeInIndex = 1; lastKnownFileType = text.xcconfig; name = "Pods-The Banana Tap Challenge.release.xcconfig"; path = "Pods/Target Support Files/Pods-The Banana Tap Challenge/Pods-The Banana Tap Challenge.release.xcconfig"; sourceTree = "<group>"; };
		C4D22CDA50802268971CCE9B /* Pods_The_Banana_Tap_Challenge.framework */ = {isa = PBXFileReference; explicitFileType = wrapper.framework; includeInIndex = 0; path = Pods_The_Banana_Tap_Challenge.framework; sourceTree = BUILT_PRODUCTS_DIR; };
/* End PBXFileReference section */

/* Begin PBXFrameworksBuildPhase section */
		4B7E6C3E227592A2002C23B3 /* Frameworks */ = {
			isa = PBXFrameworksBuildPhase;
			buildActionMask = 2147483647;
			files = (
				AC3C62C2F9D9FE2D4CC095C2 /* Pods_The_Banana_Tap_Challenge.framework in Frameworks */,
			);
			runOnlyForDeploymentPostprocessing = 0;
		};
/* End PBXFrameworksBuildPhase section */

/* Begin PBXGroup section */
		4135D3D56CB11C53383CBFCB /* Frameworks */ = {
			isa = PBXGroup;
			children = (
				C4D22CDA50802268971CCE9B /* Pods_The_Banana_Tap_Challenge.framework */,
			);
			name = Frameworks;
			sourceTree = "<group>";
		};
		4B751BD5229829D7003705BB /* Extentions */ = {
			isa = PBXGroup;
			children = (
				4B751BD6229829EE003705BB /* BTExtentions.swift */,
			);
			path = Extentions;
			sourceTree = "<group>";
		};
		4B751BD822982E03003705BB /* Models */ = {
			isa = PBXGroup;
			children = (
				4B751BD922982E63003705BB /* BTUserStatsModel.swift */,
			);
			path = Models;
			sourceTree = "<group>";
		};
		4B7E6C38227592A2002C23B3 = {
			isa = PBXGroup;
			children = (
				4B7E6C43227592A2002C23B3 /* The Banana Tap Challenge */,
				4B7E6C42227592A2002C23B3 /* Products */,
				7B50BF14D6D86CD46706E6E7 /* Pods */,
				4135D3D56CB11C53383CBFCB /* Frameworks */,
			);
			sourceTree = "<group>";
		};
		4B7E6C42227592A2002C23B3 /* Products */ = {
			isa = PBXGroup;
			children = (
				4B7E6C41227592A2002C23B3 /* The Banana Tap Challenge.app */,
			);
			name = Products;
			sourceTree = "<group>";
		};
		4B7E6C43227592A2002C23B3 /* The Banana Tap Challenge */ = {
			isa = PBXGroup;
			children = (
				4B9DA8332299CC5F001237A4 /* Additional */,
				4B751BD822982E03003705BB /* Models */,
				4B751BD5229829D7003705BB /* Extentions */,
				4B9EA24222981252006208EF /* Enums */,
				4BC147AE2297EDCB0011E2ED /* Views */,
				4BB8A0B82296E076004D6ABB /* Managers */,
				4BB8A0B72296D13D004D6ABB /* View Controllers */,
				4B7E6C44227592A2002C23B3 /* AppDelegate.swift */,
				4B7E6C48227592A2002C23B3 /* Main.storyboard */,
				4B7E6C4E227592A3002C23B3 /* Assets.xcassets */,
				4B7E6C50227592A3002C23B3 /* LaunchScreen.storyboard */,
				4B7E6C53227592A3002C23B3 /* Info.plist */,
				4B7E6C4B227592A2002C23B3 /* The_Banana_Tap_Challenge.xcdatamodeld */,
			);
			path = "The Banana Tap Challenge";
			sourceTree = "<group>";
		};
		4B9DA8332299CC5F001237A4 /* Additional */ = {
			isa = PBXGroup;
			children = (
				4B9DA8342299CC85001237A4 /* BTAlert.swift */,
			);
			path = Additional;
			sourceTree = "<group>";
		};
		4B9EA24222981252006208EF /* Enums */ = {
			isa = PBXGroup;
			children = (
				4B9EA24322981267006208EF /* BTEnums.swift */,
			);
			path = Enums;
			sourceTree = "<group>";
		};
		4BB8A0B72296D13D004D6ABB /* View Controllers */ = {
			isa = PBXGroup;
			children = (
				4B7E6C46227592A2002C23B3 /* BTGameViewController.swift */,
				4BB8A0B52296D136004D6ABB /* BTLoginViewController.swift */,
				4BC147AC2297EC2F0011E2ED /* BTStatsViewController.swift */,
			);
			path = "View Controllers";
			sourceTree = "<group>";
		};
		4BB8A0B82296E076004D6ABB /* Managers */ = {
			isa = PBXGroup;
			children = (
				4BB8A0B92296E096004D6ABB /* BTApiManager.swift */,
				4B9EA240229811B0006208EF /* BTUserManager.swift */,
				4B056C97229850DE00E0B9D2 /* BTKeychainManager.swift */,
			);
			path = Managers;
			sourceTree = "<group>";
		};
		4BC147AE2297EDCB0011E2ED /* Views */ = {
			isa = PBXGroup;
			children = (
				4BC147AF2297EDF60011E2ED /* BTStatsTableViewCell.swift */,
				4BC147B02297EDF60011E2ED /* BTStatsTableViewCell.xib */,
			);
			path = Views;
			sourceTree = "<group>";
		};
		7B50BF14D6D86CD46706E6E7 /* Pods */ = {
			isa = PBXGroup;
			children = (
				1DC9B55CB6BAA2B17F6C7BD7 /* Pods-The Banana Tap Challenge.debug.xcconfig */,
				AC4ECB7ACE77009FECC009BB /* Pods-The Banana Tap Challenge.release.xcconfig */,
			);
			name = Pods;
			sourceTree = "<group>";
		};
/* End PBXGroup section */

/* Begin PBXNativeTarget section */
		4B7E6C40227592A2002C23B3 /* The Banana Tap Challenge */ = {
			isa = PBXNativeTarget;
			buildConfigurationList = 4B7E6C56227592A3002C23B3 /* Build configuration list for PBXNativeTarget "The Banana Tap Challenge" */;
			buildPhases = (
				CB22E4906D1653F744D117FB /* [CP] Check Pods Manifest.lock */,
				4B7E6C3D227592A2002C23B3 /* Sources */,
				4B7E6C3E227592A2002C23B3 /* Frameworks */,
				4B7E6C3F227592A2002C23B3 /* Resources */,
				91A23A2D9FB60CFF8EC9442A /* [CP] Embed Pods Frameworks */,
			);
			buildRules = (
			);
			dependencies = (
			);
			name = "The Banana Tap Challenge";
			productName = "The Banana Tap Challenge";
			productReference = 4B7E6C41227592A2002C23B3 /* The Banana Tap Challenge.app */;
			productType = "com.apple.product-type.application";
		};
/* End PBXNativeTarget section */

/* Begin PBXProject section */
		4B7E6C39227592A2002C23B3 /* Project object */ = {
			isa = PBXProject;
			attributes = {
				LastSwiftUpdateCheck = 1010;
				LastUpgradeCheck = 1010;
				ORGANIZATIONNAME = "Sebastian Gnas";
				TargetAttributes = {
					4B7E6C40227592A2002C23B3 = {
						CreatedOnToolsVersion = 10.1;
					};
				};
			};
			buildConfigurationList = 4B7E6C3C227592A2002C23B3 /* Build configuration list for PBXProject "The Banana Tap Challenge" */;
			compatibilityVersion = "Xcode 9.3";
			developmentRegion = en;
			hasScannedForEncodings = 0;
			knownRegions = (
				en,
				Base,
			);
			mainGroup = 4B7E6C38227592A2002C23B3;
			productRefGroup = 4B7E6C42227592A2002C23B3 /* Products */;
			projectDirPath = "";
			projectRoot = "";
			targets = (
				4B7E6C40227592A2002C23B3 /* The Banana Tap Challenge */,
			);
		};
/* End PBXProject section */

/* Begin PBXResourcesBuildPhase section */
		4B7E6C3F227592A2002C23B3 /* Resources */ = {
			isa = PBXResourcesBuildPhase;
			buildActionMask = 2147483647;
			files = (
				4B7E6C52227592A3002C23B3 /* LaunchScreen.storyboard in Resources */,
				4BC147B22297EDF60011E2ED /* BTStatsTableViewCell.xib in Resources */,
				4B7E6C4F227592A3002C23B3 /* Assets.xcassets in Resources */,
				4B7E6C4A227592A2002C23B3 /* Main.storyboard in Resources */,
			);
			runOnlyForDeploymentPostprocessing = 0;
		};
/* End PBXResourcesBuildPhase section */

/* Begin PBXShellScriptBuildPhase section */
		91A23A2D9FB60CFF8EC9442A /* [CP] Embed Pods Frameworks */ = {
			isa = PBXShellScriptBuildPhase;
			buildActionMask = 2147483647;
			files = (
			);
			inputPaths = (
				"${SRCROOT}/Pods/Target Support Files/Pods-The Banana Tap Challenge/Pods-The Banana Tap Challenge-frameworks.sh",
				"${BUILT_PRODUCTS_DIR}/Alamofire/Alamofire.framework",
				"${BUILT_PRODUCTS_DIR}/JSONModel/JSONModel.framework",
				"${BUILT_PRODUCTS_DIR}/SwiftKeychainWrapper/SwiftKeychainWrapper.framework",
				"${BUILT_PRODUCTS_DIR}/TPKeyboardAvoiding/TPKeyboardAvoiding.framework",
			);
			name = "[CP] Embed Pods Frameworks";
			outputPaths = (
				"${TARGET_BUILD_DIR}/${FRAMEWORKS_FOLDER_PATH}/Alamofire.framework",
				"${TARGET_BUILD_DIR}/${FRAMEWORKS_FOLDER_PATH}/JSONModel.framework",
				"${TARGET_BUILD_DIR}/${FRAMEWORKS_FOLDER_PATH}/SwiftKeychainWrapper.framework",
				"${TARGET_BUILD_DIR}/${FRAMEWORKS_FOLDER_PATH}/TPKeyboardAvoiding.framework",
			);
			runOnlyForDeploymentPostprocessing = 0;
			shellPath = /bin/sh;
			shellScript = "\"${SRCROOT}/Pods/Target Support Files/Pods-The Banana Tap Challenge/Pods-The Banana Tap Challenge-frameworks.sh\"\n";
			showEnvVarsInLog = 0;
		};
		CB22E4906D1653F744D117FB /* [CP] Check Pods Manifest.lock */ = {
			isa = PBXShellScriptBuildPhase;
			buildActionMask = 2147483647;
			files = (
			);
			inputPaths = (
				"${PODS_PODFILE_DIR_PATH}/Podfile.lock",
				"${PODS_ROOT}/Manifest.lock",
			);
			name = "[CP] Check Pods Manifest.lock";
			outputPaths = (
				"$(DERIVED_FILE_DIR)/Pods-The Banana Tap Challenge-checkManifestLockResult.txt",
			);
			runOnlyForDeploymentPostprocessing = 0;
			shellPath = /bin/sh;
			shellScript = "diff \"${PODS_PODFILE_DIR_PATH}/Podfile.lock\" \"${PODS_ROOT}/Manifest.lock\" > /dev/null\nif [ $? != 0 ] ; then\n    # print error to STDERR\n    echo \"error: The sandbox is not in sync with the Podfile.lock. Run 'pod install' or update your CocoaPods installation.\" >&2\n    exit 1\nfi\n# This output is used by Xcode 'outputs' to avoid re-running this script phase.\necho \"SUCCESS\" > \"${SCRIPT_OUTPUT_FILE_0}\"\n";
			showEnvVarsInLog = 0;
		};
/* End PBXShellScriptBuildPhase section */

/* Begin PBXSourcesBuildPhase section */
		4B7E6C3D227592A2002C23B3 /* Sources */ = {
			isa = PBXSourcesBuildPhase;
			buildActionMask = 2147483647;
			files = (
				4B9DA8352299CC85001237A4 /* BTAlert.swift in Sources */,
				4BB8A0B62296D136004D6ABB /* BTLoginViewController.swift in Sources */,
				4B056C98229850DE00E0B9D2 /* BTKeychainManager.swift in Sources */,
				4B7E6C47227592A2002C23B3 /* BTGameViewController.swift in Sources */,
				4B751BD7229829EE003705BB /* BTExtentions.swift in Sources */,
				4BC147AD2297EC2F0011E2ED /* BTStatsViewController.swift in Sources */,
				4BB8A0BA2296E096004D6ABB /* BTApiManager.swift in Sources */,
				4B7E6C45227592A2002C23B3 /* AppDelegate.swift in Sources */,
				4B7E6C4D227592A2002C23B3 /* The_Banana_Tap_Challenge.xcdatamodeld in Sources */,
				4B9EA241229811B0006208EF /* BTUserManager.swift in Sources */,
				4BC147B12297EDF60011E2ED /* BTStatsTableViewCell.swift in Sources */,
				4B9EA24422981267006208EF /* BTEnums.swift in Sources */,
				4B751BDA22982E63003705BB /* BTUserStatsModel.swift in Sources */,
			);
			runOnlyForDeploymentPostprocessing = 0;
		};
/* End PBXSourcesBuildPhase section */

/* Begin PBXVariantGroup section */
		4B7E6C48227592A2002C23B3 /* Main.storyboard */ = {
			isa = PBXVariantGroup;
			children = (
				4B7E6C49227592A2002C23B3 /* Base */,
			);
			name = Main.storyboard;
			sourceTree = "<group>";
		};
		4B7E6C50227592A3002C23B3 /* LaunchScreen.storyboard */ = {
			isa = PBXVariantGroup;
			children = (
				4B7E6C51227592A3002C23B3 /* Base */,
			);
			name = LaunchScreen.storyboard;
			sourceTree = "<group>";
		};
/* End PBXVariantGroup section */

/* Begin XCBuildConfiguration section */
		4B7E6C54227592A3002C23B3 /* Debug */ = {
			isa = XCBuildConfiguration;
			buildSettings = {
				ALWAYS_SEARCH_USER_PATHS = NO;
				CLANG_ANALYZER_NONNULL = YES;
				CLANG_ANALYZER_NUMBER_OBJECT_CONVERSION = YES_AGGRESSIVE;
				CLANG_CXX_LANGUAGE_STANDARD = "gnu++14";
				CLANG_CXX_LIBRARY = "libc++";
				CLANG_ENABLE_MODULES = YES;
				CLANG_ENABLE_OBJC_ARC = YES;
				CLANG_ENABLE_OBJC_WEAK = YES;
				CLANG_WARN_BLOCK_CAPTURE_AUTORELEASING = YES;
				CLANG_WARN_BOOL_CONVERSION = YES;
				CLANG_WARN_COMMA = YES;
				CLANG_WARN_CONSTANT_CONVERSION = YES;
				CLANG_WARN_DEPRECATED_OBJC_IMPLEMENTATIONS = YES;
				CLANG_WARN_DIRECT_OBJC_ISA_USAGE = YES_ERROR;
				CLANG_WARN_DOCUMENTATION_COMMENTS = YES;
				CLANG_WARN_EMPTY_BODY = YES;
				CLANG_WARN_ENUM_CONVERSION = YES;
				CLANG_WARN_INFINITE_RECURSION = YES;
				CLANG_WARN_INT_CONVERSION = YES;
				CLANG_WARN_NON_LITERAL_NULL_CONVERSION = YES;
				CLANG_WARN_OBJC_IMPLICIT_RETAIN_SELF = YES;
				CLANG_WARN_OBJC_LITERAL_CONVERSION = YES;
				CLANG_WARN_OBJC_ROOT_CLASS = YES_ERROR;
				CLANG_WARN_RANGE_LOOP_ANALYSIS = YES;
				CLANG_WARN_STRICT_PROTOTYPES = YES;
				CLANG_WARN_SUSPICIOUS_MOVE = YES;
				CLANG_WARN_UNGUARDED_AVAILABILITY = YES_AGGRESSIVE;
				CLANG_WARN_UNREACHABLE_CODE = YES;
				CLANG_WARN__DUPLICATE_METHOD_MATCH = YES;
				CODE_SIGN_IDENTITY = "iPhone Developer";
				COPY_PHASE_STRIP = NO;
				DEBUG_INFORMATION_FORMAT = dwarf;
				ENABLE_STRICT_OBJC_MSGSEND = YES;
				ENABLE_TESTABILITY = YES;
				GCC_C_LANGUAGE_STANDARD = gnu11;
				GCC_DYNAMIC_NO_PIC = NO;
				GCC_NO_COMMON_BLOCKS = YES;
				GCC_OPTIMIZATION_LEVEL = 0;
				GCC_PREPROCESSOR_DEFINITIONS = (
					"DEBUG=1",
					"$(inherited)",
				);
				GCC_WARN_64_TO_32_BIT_CONVERSION = YES;
				GCC_WARN_ABOUT_RETURN_TYPE = YES_ERROR;
				GCC_WARN_UNDECLARED_SELECTOR = YES;
				GCC_WARN_UNINITIALIZED_AUTOS = YES_AGGRESSIVE;
				GCC_WARN_UNUSED_FUNCTION = YES;
				GCC_WARN_UNUSED_VARIABLE = YES;
				IPHONEOS_DEPLOYMENT_TARGET = 12.1;
				MTL_ENABLE_DEBUG_INFO = INCLUDE_SOURCE;
				MTL_FAST_MATH = YES;
				ONLY_ACTIVE_ARCH = YES;
				SDKROOT = iphoneos;
				SWIFT_ACTIVE_COMPILATION_CONDITIONS = DEBUG;
				SWIFT_OPTIMIZATION_LEVEL = "-Onone";
			};
			name = Debug;
		};
		4B7E6C55227592A3002C23B3 /* Release */ = {
			isa = XCBuildConfiguration;
			buildSettings = {
				ALWAYS_SEARCH_USER_PATHS = NO;
				CLANG_ANALYZER_NONNULL = YES;
				CLANG_ANALYZER_NUMBER_OBJECT_CONVERSION = YES_AGGRESSIVE;
				CLANG_CXX_LANGUAGE_STANDARD = "gnu++14";
				CLANG_CXX_LIBRARY = "libc++";
				CLANG_ENABLE_MODULES = YES;
				CLANG_ENABLE_OBJC_ARC = YES;
				CLANG_ENABLE_OBJC_WEAK = YES;
				CLANG_WARN_BLOCK_CAPTURE_AUTORELEASING = YES;
				CLANG_WARN_BOOL_CONVERSION = YES;
				CLANG_WARN_COMMA = YES;
				CLANG_WARN_CONSTANT_CONVERSION = YES;
				CLANG_WARN_DEPRECATED_OBJC_IMPLEMENTATIONS = YES;
				CLANG_WARN_DIRECT_OBJC_ISA_USAGE = YES_ERROR;
				CLANG_WARN_DOCUMENTATION_COMMENTS = YES;
				CLANG_WARN_EMPTY_BODY = YES;
				CLANG_WARN_ENUM_CONVERSION = YES;
				CLANG_WARN_INFINITE_RECURSION = YES;
				CLANG_WARN_INT_CONVERSION = YES;
				CLANG_WARN_NON_LITERAL_NULL_CONVERSION = YES;
				CLANG_WARN_OBJC_IMPLICIT_RETAIN_SELF = YES;
				CLANG_WARN_OBJC_LITERAL_CONVERSION = YES;
				CLANG_WARN_OBJC_ROOT_CLASS = YES_ERROR;
				CLANG_WARN_RANGE_LOOP_ANALYSIS = YES;
				CLANG_WARN_STRICT_PROTOTYPES = YES;
				CLANG_WARN_SUSPICIOUS_MOVE = YES;
				CLANG_WARN_UNGUARDED_AVAILABILITY = YES_AGGRESSIVE;
				CLANG_WARN_UNREACHABLE_CODE = YES;
				CLANG_WARN__DUPLICATE_METHOD_MATCH = YES;
				CODE_SIGN_IDENTITY = "iPhone Developer";
				COPY_PHASE_STRIP = NO;
				DEBUG_INFORMATION_FORMAT = "dwarf-with-dsym";
				ENABLE_NS_ASSERTIONS = NO;
				ENABLE_STRICT_OBJC_MSGSEND = YES;
				GCC_C_LANGUAGE_STANDARD = gnu11;
				GCC_NO_COMMON_BLOCKS = YES;
				GCC_WARN_64_TO_32_BIT_CONVERSION = YES;
				GCC_WARN_ABOUT_RETURN_TYPE = YES_ERROR;
				GCC_WARN_UNDECLARED_SELECTOR = YES;
				GCC_WARN_UNINITIALIZED_AUTOS = YES_AGGRESSIVE;
				GCC_WARN_UNUSED_FUNCTION = YES;
				GCC_WARN_UNUSED_VARIABLE = YES;
				IPHONEOS_DEPLOYMENT_TARGET = 12.1;
				MTL_ENABLE_DEBUG_INFO = NO;
				MTL_FAST_MATH = YES;
				SDKROOT = iphoneos;
				SWIFT_COMPILATION_MODE = wholemodule;
				SWIFT_OPTIMIZATION_LEVEL = "-O";
				VALIDATE_PRODUCT = YES;
			};
			name = Release;
		};
		4B7E6C57227592A3002C23B3 /* Debug */ = {
			isa = XCBuildConfiguration;
			baseConfigurationReference = 1DC9B55CB6BAA2B17F6C7BD7 /* Pods-The Banana Tap Challenge.debug.xcconfig */;
			buildSettings = {
				ASSETCATALOG_COMPILER_APPICON_NAME = AppIcon;
				CODE_SIGN_IDENTITY = "iPhone Developer";
				CODE_SIGN_STYLE = Automatic;
				DEVELOPMENT_TEAM = M3X3752CBJ;
				INFOPLIST_FILE = "The Banana Tap Challenge/Info.plist";
				LD_RUNPATH_SEARCH_PATHS = (
					"$(inherited)",
					"@executable_path/Frameworks",
				);
				PRODUCT_BUNDLE_IDENTIFIER = "SGMobile.The-Banana-Tap-Challenge";
				PRODUCT_NAME = "$(TARGET_NAME)";
				PROVISIONING_PROFILE_SPECIFIER = "";
				SWIFT_VERSION = 4.2;
				TARGETED_DEVICE_FAMILY = "1,2";
			};
			name = Debug;
		};
		4B7E6C58227592A3002C23B3 /* Release */ = {
			isa = XCBuildConfiguration;
			baseConfigurationReference = AC4ECB7ACE77009FECC009BB /* Pods-The Banana Tap Challenge.release.xcconfig */;
			buildSettings = {
				ASSETCATALOG_COMPILER_APPICON_NAME = AppIcon;
				CODE_SIGN_IDENTITY = "iPhone Developer";
				CODE_SIGN_STYLE = Automatic;
				DEVELOPMENT_TEAM = M3X3752CBJ;
				INFOPLIST_FILE = "The Banana Tap Challenge/Info.plist";
				LD_RUNPATH_SEARCH_PATHS = (
					"$(inherited)",
					"@executable_path/Frameworks",
				);
				PRODUCT_BUNDLE_IDENTIFIER = "SGMobile.The-Banana-Tap-Challenge";
				PRODUCT_NAME = "$(TARGET_NAME)";
				PROVISIONING_PROFILE_SPECIFIER = "";
				SWIFT_VERSION = 4.2;
				TARGETED_DEVICE_FAMILY = "1,2";
			};
			name = Release;
		};
/* End XCBuildConfiguration section */

/* Begin XCConfigurationList section */
		4B7E6C3C227592A2002C23B3 /* Build configuration list for PBXProject "The Banana Tap Challenge" */ = {
			isa = XCConfigurationList;
			buildConfigurations = (
				4B7E6C54227592A3002C23B3 /* Debug */,
				4B7E6C55227592A3002C23B3 /* Release */,
			);
			defaultConfigurationIsVisible = 0;
			defaultConfigurationName = Release;
		};
		4B7E6C56227592A3002C23B3 /* Build configuration list for PBXNativeTarget "The Banana Tap Challenge" */ = {
			isa = XCConfigurationList;
			buildConfigurations = (
				4B7E6C57227592A3002C23B3 /* Debug */,
				4B7E6C58227592A3002C23B3 /* Release */,
			);
			defaultConfigurationIsVisible = 0;
			defaultConfigurationName = Release;
		};
/* End XCConfigurationList section */

/* Begin XCVersionGroup section */
		4B7E6C4B227592A2002C23B3 /* The_Banana_Tap_Challenge.xcdatamodeld */ = {
			isa = XCVersionGroup;
			children = (
				4B7E6C4C227592A2002C23B3 /* The_Banana_Tap_Challenge.xcdatamodel */,
			);
			currentVersion = 4B7E6C4C227592A2002C23B3 /* The_Banana_Tap_Challenge.xcdatamodel */;
			path = The_Banana_Tap_Challenge.xcdatamodeld;
			sourceTree = "<group>";
			versionGroupType = wrapper.xcdatamodel;
		};
/* End XCVersionGroup section */
	};
	rootObject = 4B7E6C39227592A2002C23B3 /* Project object */;
}
